// !$*UTF8*$!
{
	archiveVersion = 1;
	classes = {
	};
	objectVersion = 56;
	objects = {

/* Begin PBXBuildFile section */
		6C005DEE29FA69AF0073712D /* OpenAIRequest.swift in Sources */ = {isa = PBXBuildFile; fileRef = 6C005DED29FA69AF0073712D /* OpenAIRequest.swift */; };
		6C56AC1C29F913BA00D6BDD5 /* MessageListPresenter.swift in Sources */ = {isa = PBXBuildFile; fileRef = 6C56AC1629F913BA00D6BDD5 /* MessageListPresenter.swift */; };
		6C56AC1D29F913BA00D6BDD5 /* MessageListWorker.swift in Sources */ = {isa = PBXBuildFile; fileRef = 6C56AC1729F913BA00D6BDD5 /* MessageListWorker.swift */; };
		6C56AC1E29F913BA00D6BDD5 /* MessageListRouter.swift in Sources */ = {isa = PBXBuildFile; fileRef = 6C56AC1829F913BA00D6BDD5 /* MessageListRouter.swift */; };
		6C56AC1F29F913BA00D6BDD5 /* MessageListModels.swift in Sources */ = {isa = PBXBuildFile; fileRef = 6C56AC1929F913BA00D6BDD5 /* MessageListModels.swift */; };
		6C56AC2029F913BA00D6BDD5 /* MessageListViewController.swift in Sources */ = {isa = PBXBuildFile; fileRef = 6C56AC1A29F913BA00D6BDD5 /* MessageListViewController.swift */; };
		6C56AC2129F913BA00D6BDD5 /* MessageListInteractor.swift in Sources */ = {isa = PBXBuildFile; fileRef = 6C56AC1B29F913BA00D6BDD5 /* MessageListInteractor.swift */; };
		6C56AC2929F9170C00D6BDD5 /* NewMessagePresenter.swift in Sources */ = {isa = PBXBuildFile; fileRef = 6C56AC2329F9170C00D6BDD5 /* NewMessagePresenter.swift */; };
		6C56AC2A29F9170C00D6BDD5 /* NewMessageWorker.swift in Sources */ = {isa = PBXBuildFile; fileRef = 6C56AC2429F9170C00D6BDD5 /* NewMessageWorker.swift */; };
		6C56AC2B29F9170C00D6BDD5 /* NewMessageRouter.swift in Sources */ = {isa = PBXBuildFile; fileRef = 6C56AC2529F9170C00D6BDD5 /* NewMessageRouter.swift */; };
		6C56AC2C29F9170C00D6BDD5 /* NewMessageModels.swift in Sources */ = {isa = PBXBuildFile; fileRef = 6C56AC2629F9170C00D6BDD5 /* NewMessageModels.swift */; };
		6C56AC2D29F9170C00D6BDD5 /* NewMessageViewController.swift in Sources */ = {isa = PBXBuildFile; fileRef = 6C56AC2729F9170C00D6BDD5 /* NewMessageViewController.swift */; };
		6C56AC2E29F9170C00D6BDD5 /* NewMessageInteractor.swift in Sources */ = {isa = PBXBuildFile; fileRef = 6C56AC2829F9170C00D6BDD5 /* NewMessageInteractor.swift */; };
		6C56AC3129F91D6C00D6BDD5 /* OpenAIDataSource.swift in Sources */ = {isa = PBXBuildFile; fileRef = 6C56AC3029F91D6C00D6BDD5 /* OpenAIDataSource.swift */; };
		6C56AC3329F922D600D6BDD5 /* Network.swift in Sources */ = {isa = PBXBuildFile; fileRef = 6C56AC3229F922D600D6BDD5 /* Network.swift */; };
		6CEF4A3929F8EAD900D1089D /* AppDelegate.swift in Sources */ = {isa = PBXBuildFile; fileRef = 6CEF4A3829F8EAD900D1089D /* AppDelegate.swift */; };
		6CEF4A3B29F8EAD900D1089D /* SceneDelegate.swift in Sources */ = {isa = PBXBuildFile; fileRef = 6CEF4A3A29F8EAD900D1089D /* SceneDelegate.swift */; };
		6CEF4A4229F8EADB00D1089D /* Assets.xcassets in Resources */ = {isa = PBXBuildFile; fileRef = 6CEF4A4129F8EADB00D1089D /* Assets.xcassets */; };
		6CEF4A4529F8EADB00D1089D /* LaunchScreen.storyboard in Resources */ = {isa = PBXBuildFile; fileRef = 6CEF4A4329F8EADB00D1089D /* LaunchScreen.storyboard */; };
		6CEF4A5129F8EC1900D1089D /* SnapKit in Frameworks */ = {isa = PBXBuildFile; productRef = 6CEF4A5029F8EC1900D1089D /* SnapKit */; };
		6CEF4A5429F8EC4A00D1089D /* Then in Frameworks */ = {isa = PBXBuildFile; productRef = 6CEF4A5329F8EC4A00D1089D /* Then */; };
		6CEF4A6429F9015400D1089D /* OpenAISwift in Frameworks */ = {isa = PBXBuildFile; productRef = 6CEF4A6329F9015400D1089D /* OpenAISwift */; };
/* End PBXBuildFile section */

/* Begin PBXFileReference section */
		6C005DED29FA69AF0073712D /* OpenAIRequest.swift */ = {isa = PBXFileReference; lastKnownFileType = sourcecode.swift; path = OpenAIRequest.swift; sourceTree = "<group>"; };
		6C56AC1629F913BA00D6BDD5 /* MessageListPresenter.swift */ = {isa = PBXFileReference; lastKnownFileType = sourcecode.swift; path = MessageListPresenter.swift; sourceTree = "<group>"; };
		6C56AC1729F913BA00D6BDD5 /* MessageListWorker.swift */ = {isa = PBXFileReference; lastKnownFileType = sourcecode.swift; path = MessageListWorker.swift; sourceTree = "<group>"; };
		6C56AC1829F913BA00D6BDD5 /* MessageListRouter.swift */ = {isa = PBXFileReference; lastKnownFileType = sourcecode.swift; path = MessageListRouter.swift; sourceTree = "<group>"; };
		6C56AC1929F913BA00D6BDD5 /* MessageListModels.swift */ = {isa = PBXFileReference; lastKnownFileType = sourcecode.swift; path = MessageListModels.swift; sourceTree = "<group>"; };
		6C56AC1A29F913BA00D6BDD5 /* MessageListViewController.swift */ = {isa = PBXFileReference; lastKnownFileType = sourcecode.swift; path = MessageListViewController.swift; sourceTree = "<group>"; };
		6C56AC1B29F913BA00D6BDD5 /* MessageListInteractor.swift */ = {isa = PBXFileReference; lastKnownFileType = sourcecode.swift; path = MessageListInteractor.swift; sourceTree = "<group>"; };
		6C56AC2329F9170C00D6BDD5 /* NewMessagePresenter.swift */ = {isa = PBXFileReference; lastKnownFileType = sourcecode.swift; path = NewMessagePresenter.swift; sourceTree = "<group>"; };
		6C56AC2429F9170C00D6BDD5 /* NewMessageWorker.swift */ = {isa = PBXFileReference; lastKnownFileType = sourcecode.swift; path = NewMessageWorker.swift; sourceTree = "<group>"; };
		6C56AC2529F9170C00D6BDD5 /* NewMessageRouter.swift */ = {isa = PBXFileReference; lastKnownFileType = sourcecode.swift; path = NewMessageRouter.swift; sourceTree = "<group>"; };
		6C56AC2629F9170C00D6BDD5 /* NewMessageModels.swift */ = {isa = PBXFileReference; lastKnownFileType = sourcecode.swift; path = NewMessageModels.swift; sourceTree = "<group>"; };
		6C56AC2729F9170C00D6BDD5 /* NewMessageViewController.swift */ = {isa = PBXFileReference; lastKnownFileType = sourcecode.swift; path = NewMessageViewController.swift; sourceTree = "<group>"; };
		6C56AC2829F9170C00D6BDD5 /* NewMessageInteractor.swift */ = {isa = PBXFileReference; lastKnownFileType = sourcecode.swift; path = NewMessageInteractor.swift; sourceTree = "<group>"; };
		6C56AC3029F91D6C00D6BDD5 /* OpenAIDataSource.swift */ = {isa = PBXFileReference; lastKnownFileType = sourcecode.swift; path = OpenAIDataSource.swift; sourceTree = "<group>"; };
		6C56AC3229F922D600D6BDD5 /* Network.swift */ = {isa = PBXFileReference; lastKnownFileType = sourcecode.swift; path = Network.swift; sourceTree = "<group>"; };
		6CEF4A3529F8EAD900D1089D /* ChatMSG.app */ = {isa = PBXFileReference; explicitFileType = wrapper.application; includeInIndex = 0; path = ChatMSG.app; sourceTree = BUILT_PRODUCTS_DIR; };
		6CEF4A3829F8EAD900D1089D /* AppDelegate.swift */ = {isa = PBXFileReference; lastKnownFileType = sourcecode.swift; path = AppDelegate.swift; sourceTree = "<group>"; };
		6CEF4A3A29F8EAD900D1089D /* SceneDelegate.swift */ = {isa = PBXFileReference; lastKnownFileType = sourcecode.swift; path = SceneDelegate.swift; sourceTree = "<group>"; };
		6CEF4A4129F8EADB00D1089D /* Assets.xcassets */ = {isa = PBXFileReference; lastKnownFileType = folder.assetcatalog; path = Assets.xcassets; sourceTree = "<group>"; };
		6CEF4A4429F8EADB00D1089D /* Base */ = {isa = PBXFileReference; lastKnownFileType = file.storyboard; name = Base; path = Base.lproj/LaunchScreen.storyboard; sourceTree = "<group>"; };
		6CEF4A4629F8EADB00D1089D /* Info.plist */ = {isa = PBXFileReference; lastKnownFileType = text.plist.xml; path = Info.plist; sourceTree = "<group>"; };
/* End PBXFileReference section */

/* Begin PBXFrameworksBuildPhase section */
		6CEF4A3229F8EAD900D1089D /* Frameworks */ = {
			isa = PBXFrameworksBuildPhase;
			buildActionMask = 2147483647;
			files = (
				6CEF4A5129F8EC1900D1089D /* SnapKit in Frameworks */,
				6CEF4A6429F9015400D1089D /* OpenAISwift in Frameworks */,
				6CEF4A5429F8EC4A00D1089D /* Then in Frameworks */,
			);
			runOnlyForDeploymentPostprocessing = 0;
		};
/* End PBXFrameworksBuildPhase section */

/* Begin PBXGroup section */
		6C005DF429FA6C320073712D /* DataSource */ = {
			isa = PBXGroup;
			children = (
				6C005DED29FA69AF0073712D /* OpenAIRequest.swift */,
				6C56AC3029F91D6C00D6BDD5 /* OpenAIDataSource.swift */,
			);
			path = DataSource;
			sourceTree = "<group>";
		};
		6C56AC1529F913AC00D6BDD5 /* MessageList */ = {
			isa = PBXGroup;
			children = (
				6C56AC1629F913BA00D6BDD5 /* MessageListPresenter.swift */,
				6C56AC1729F913BA00D6BDD5 /* MessageListWorker.swift */,
				6C56AC1829F913BA00D6BDD5 /* MessageListRouter.swift */,
				6C56AC1929F913BA00D6BDD5 /* MessageListModels.swift */,
				6C56AC1A29F913BA00D6BDD5 /* MessageListViewController.swift */,
				6C56AC1B29F913BA00D6BDD5 /* MessageListInteractor.swift */,
			);
			path = MessageList;
			sourceTree = "<group>";
		};
		6C56AC2229F916DF00D6BDD5 /* NewMessage */ = {
			isa = PBXGroup;
			children = (
				6C56AC2729F9170C00D6BDD5 /* NewMessageViewController.swift */,
				6C56AC2829F9170C00D6BDD5 /* NewMessageInteractor.swift */,
				6C56AC2329F9170C00D6BDD5 /* NewMessagePresenter.swift */,
				6C56AC2429F9170C00D6BDD5 /* NewMessageWorker.swift */,
				6C56AC2529F9170C00D6BDD5 /* NewMessageRouter.swift */,
				6C56AC2629F9170C00D6BDD5 /* NewMessageModels.swift */,
			);
			path = NewMessage;
			sourceTree = "<group>";
		};
		6C56AC2F29F91D3D00D6BDD5 /* Network */ = {
			isa = PBXGroup;
			children = (
				6C56AC3229F922D600D6BDD5 /* Network.swift */,
				6C005DF429FA6C320073712D /* DataSource */,
			);
			path = Network;
			sourceTree = "<group>";
		};
		6CEF4A2C29F8EAD900D1089D = {
			isa = PBXGroup;
			children = (
				6CEF4A3729F8EAD900D1089D /* ChatMSG */,
				6CEF4A3629F8EAD900D1089D /* Products */,
			);
			sourceTree = "<group>";
		};
		6CEF4A3629F8EAD900D1089D /* Products */ = {
			isa = PBXGroup;
			children = (
				6CEF4A3529F8EAD900D1089D /* ChatMSG.app */,
			);
			name = Products;
			sourceTree = "<group>";
		};
		6CEF4A3729F8EAD900D1089D /* ChatMSG */ = {
			isa = PBXGroup;
			children = (
				6CEF4A4C29F8EAE400D1089D /* Source */,
				6CEF4A4D29F8EAE700D1089D /* Resource */,
			);
			path = ChatMSG;
			sourceTree = "<group>";
		};
		6CEF4A4C29F8EAE400D1089D /* Source */ = {
			isa = PBXGroup;
			children = (
				6C56AC2F29F91D3D00D6BDD5 /* Network */,
				6C56AC2229F916DF00D6BDD5 /* NewMessage */,
				6C56AC1529F913AC00D6BDD5 /* MessageList */,
				6CEF4A4E29F8EAEB00D1089D /* AppStart */,
			);
			path = Source;
			sourceTree = "<group>";
		};
		6CEF4A4D29F8EAE700D1089D /* Resource */ = {
			isa = PBXGroup;
			children = (
				6CEF4A4129F8EADB00D1089D /* Assets.xcassets */,
				6CEF4A4329F8EADB00D1089D /* LaunchScreen.storyboard */,
				6CEF4A4629F8EADB00D1089D /* Info.plist */,
			);
			path = Resource;
			sourceTree = "<group>";
		};
		6CEF4A4E29F8EAEB00D1089D /* AppStart */ = {
			isa = PBXGroup;
			children = (
				6CEF4A3829F8EAD900D1089D /* AppDelegate.swift */,
				6CEF4A3A29F8EAD900D1089D /* SceneDelegate.swift */,
			);
			path = AppStart;
			sourceTree = "<group>";
		};
/* End PBXGroup section */

/* Begin PBXNativeTarget section */
		6CEF4A3429F8EAD900D1089D /* ChatMSG */ = {
			isa = PBXNativeTarget;
			buildConfigurationList = 6CEF4A4929F8EADB00D1089D /* Build configuration list for PBXNativeTarget "ChatMSG" */;
			buildPhases = (
				6CEF4A3129F8EAD900D1089D /* Sources */,
				6CEF4A3229F8EAD900D1089D /* Frameworks */,
				6CEF4A3329F8EAD900D1089D /* Resources */,
			);
			buildRules = (
			);
			dependencies = (
			);
			name = ChatMSG;
			packageProductDependencies = (
				6CEF4A5029F8EC1900D1089D /* SnapKit */,
				6CEF4A5329F8EC4A00D1089D /* Then */,
				6CEF4A6329F9015400D1089D /* OpenAISwift */,
			);
			productName = ChatMSG;
			productReference = 6CEF4A3529F8EAD900D1089D /* ChatMSG.app */;
			productType = "com.apple.product-type.application";
		};
/* End PBXNativeTarget section */

/* Begin PBXProject section */
		6CEF4A2D29F8EAD900D1089D /* Project object */ = {
			isa = PBXProject;
			attributes = {
				BuildIndependentTargetsInParallel = 1;
				LastSwiftUpdateCheck = 1400;
				LastUpgradeCheck = 1400;
				TargetAttributes = {
					6CEF4A3429F8EAD900D1089D = {
						CreatedOnToolsVersion = 14.0;
					};
				};
			};
			buildConfigurationList = 6CEF4A3029F8EAD900D1089D /* Build configuration list for PBXProject "ChatMSG" */;
			compatibilityVersion = "Xcode 14.0";
			developmentRegion = en;
			hasScannedForEncodings = 0;
			knownRegions = (
				en,
				Base,
			);
			mainGroup = 6CEF4A2C29F8EAD900D1089D;
			packageReferences = (
				6CEF4A4F29F8EC1900D1089D /* XCRemoteSwiftPackageReference "SnapKit" */,
				6CEF4A5229F8EC4A00D1089D /* XCRemoteSwiftPackageReference "Then" */,
				6CEF4A6229F9015400D1089D /* XCRemoteSwiftPackageReference "OpenAISwift" */,
			);
			productRefGroup = 6CEF4A3629F8EAD900D1089D /* Products */;
			projectDirPath = "";
			projectRoot = "";
			targets = (
				6CEF4A3429F8EAD900D1089D /* ChatMSG */,
			);
		};
/* End PBXProject section */

/* Begin PBXResourcesBuildPhase section */
		6CEF4A3329F8EAD900D1089D /* Resources */ = {
			isa = PBXResourcesBuildPhase;
			buildActionMask = 2147483647;
			files = (
				6CEF4A4529F8EADB00D1089D /* LaunchScreen.storyboard in Resources */,
				6CEF4A4229F8EADB00D1089D /* Assets.xcassets in Resources */,
			);
			runOnlyForDeploymentPostprocessing = 0;
		};
/* End PBXResourcesBuildPhase section */

/* Begin PBXSourcesBuildPhase section */
		6CEF4A3129F8EAD900D1089D /* Sources */ = {
			isa = PBXSourcesBuildPhase;
			buildActionMask = 2147483647;
			files = (
				6C56AC2C29F9170C00D6BDD5 /* NewMessageModels.swift in Sources */,
				6C56AC2929F9170C00D6BDD5 /* NewMessagePresenter.swift in Sources */,
				6C005DEE29FA69AF0073712D /* OpenAIRequest.swift in Sources */,
				6C56AC3329F922D600D6BDD5 /* Network.swift in Sources */,
				6C56AC2029F913BA00D6BDD5 /* MessageListViewController.swift in Sources */,
				6CEF4A3929F8EAD900D1089D /* AppDelegate.swift in Sources */,
				6C56AC2129F913BA00D6BDD5 /* MessageListInteractor.swift in Sources */,
				6C56AC2A29F9170C00D6BDD5 /* NewMessageWorker.swift in Sources */,
				6C56AC1F29F913BA00D6BDD5 /* MessageListModels.swift in Sources */,
				6C56AC1D29F913BA00D6BDD5 /* MessageListWorker.swift in Sources */,
				6C56AC2D29F9170C00D6BDD5 /* NewMessageViewController.swift in Sources */,
				6C56AC2E29F9170C00D6BDD5 /* NewMessageInteractor.swift in Sources */,
				6C56AC2B29F9170C00D6BDD5 /* NewMessageRouter.swift in Sources */,
				6C56AC1C29F913BA00D6BDD5 /* MessageListPresenter.swift in Sources */,
				6C56AC1E29F913BA00D6BDD5 /* MessageListRouter.swift in Sources */,
				6CEF4A3B29F8EAD900D1089D /* SceneDelegate.swift in Sources */,
				6C56AC3129F91D6C00D6BDD5 /* OpenAIDataSource.swift in Sources */,
			);
			runOnlyForDeploymentPostprocessing = 0;
		};
/* End PBXSourcesBuildPhase section */

/* Begin PBXVariantGroup section */
		6CEF4A4329F8EADB00D1089D /* LaunchScreen.storyboard */ = {
			isa = PBXVariantGroup;
			children = (
				6CEF4A4429F8EADB00D1089D /* Base */,
			);
			name = LaunchScreen.storyboard;
			sourceTree = "<group>";
		};
/* End PBXVariantGroup section */

/* Begin XCBuildConfiguration section */
		6CEF4A4729F8EADB00D1089D /* Debug */ = {
			isa = XCBuildConfiguration;
			buildSettings = {
				ALWAYS_SEARCH_USER_PATHS = NO;
				CLANG_ANALYZER_NONNULL = YES;
				CLANG_ANALYZER_NUMBER_OBJECT_CONVERSION = YES_AGGRESSIVE;
				CLANG_CXX_LANGUAGE_STANDARD = "gnu++20";
				CLANG_ENABLE_MODULES = YES;
				CLANG_ENABLE_OBJC_ARC = YES;
				CLANG_ENABLE_OBJC_WEAK = YES;
				CLANG_WARN_BLOCK_CAPTURE_AUTORELEASING = YES;
				CLANG_WARN_BOOL_CONVERSION = YES;
				CLANG_WARN_COMMA = YES;
				CLANG_WARN_CONSTANT_CONVERSION = YES;
				CLANG_WARN_DEPRECATED_OBJC_IMPLEMENTATIONS = YES;
				CLANG_WARN_DIRECT_OBJC_ISA_USAGE = YES_ERROR;
				CLANG_WARN_DOCUMENTATION_COMMENTS = YES;
				CLANG_WARN_EMPTY_BODY = YES;
				CLANG_WARN_ENUM_CONVERSION = YES;
				CLANG_WARN_INFINITE_RECURSION = YES;
				CLANG_WARN_INT_CONVERSION = YES;
				CLANG_WARN_NON_LITERAL_NULL_CONVERSION = YES;
				CLANG_WARN_OBJC_IMPLICIT_RETAIN_SELF = YES;
				CLANG_WARN_OBJC_LITERAL_CONVERSION = YES;
				CLANG_WARN_OBJC_ROOT_CLASS = YES_ERROR;
				CLANG_WARN_QUOTED_INCLUDE_IN_FRAMEWORK_HEADER = YES;
				CLANG_WARN_RANGE_LOOP_ANALYSIS = YES;
				CLANG_WARN_STRICT_PROTOTYPES = YES;
				CLANG_WARN_SUSPICIOUS_MOVE = YES;
				CLANG_WARN_UNGUARDED_AVAILABILITY = YES_AGGRESSIVE;
				CLANG_WARN_UNREACHABLE_CODE = YES;
				CLANG_WARN__DUPLICATE_METHOD_MATCH = YES;
				COPY_PHASE_STRIP = NO;
				DEBUG_INFORMATION_FORMAT = dwarf;
				ENABLE_STRICT_OBJC_MSGSEND = YES;
				ENABLE_TESTABILITY = YES;
				GCC_C_LANGUAGE_STANDARD = gnu11;
				GCC_DYNAMIC_NO_PIC = NO;
				GCC_NO_COMMON_BLOCKS = YES;
				GCC_OPTIMIZATION_LEVEL = 0;
				GCC_PREPROCESSOR_DEFINITIONS = (
					"DEBUG=1",
					"$(inherited)",
				);
				GCC_WARN_64_TO_32_BIT_CONVERSION = YES;
				GCC_WARN_ABOUT_RETURN_TYPE = YES_ERROR;
				GCC_WARN_UNDECLARED_SELECTOR = YES;
				GCC_WARN_UNINITIALIZED_AUTOS = YES_AGGRESSIVE;
				GCC_WARN_UNUSED_FUNCTION = YES;
				GCC_WARN_UNUSED_VARIABLE = YES;
				IPHONEOS_DEPLOYMENT_TARGET = 16.0;
				MTL_ENABLE_DEBUG_INFO = INCLUDE_SOURCE;
				MTL_FAST_MATH = YES;
				ONLY_ACTIVE_ARCH = YES;
				SDKROOT = iphoneos;
				SWIFT_ACTIVE_COMPILATION_CONDITIONS = DEBUG;
				SWIFT_OPTIMIZATION_LEVEL = "-Onone";
			};
			name = Debug;
		};
		6CEF4A4829F8EADB00D1089D /* Release */ = {
			isa = XCBuildConfiguration;
			buildSettings = {
				ALWAYS_SEARCH_USER_PATHS = NO;
				CLANG_ANALYZER_NONNULL = YES;
				CLANG_ANALYZER_NUMBER_OBJECT_CONVERSION = YES_AGGRESSIVE;
				CLANG_CXX_LANGUAGE_STANDARD = "gnu++20";
				CLANG_ENABLE_MODULES = YES;
				CLANG_ENABLE_OBJC_ARC = YES;
				CLANG_ENABLE_OBJC_WEAK = YES;
				CLANG_WARN_BLOCK_CAPTURE_AUTORELEASING = YES;
				CLANG_WARN_BOOL_CONVERSION = YES;
				CLANG_WARN_COMMA = YES;
				CLANG_WARN_CONSTANT_CONVERSION = YES;
				CLANG_WARN_DEPRECATED_OBJC_IMPLEMENTATIONS = YES;
				CLANG_WARN_DIRECT_OBJC_ISA_USAGE = YES_ERROR;
				CLANG_WARN_DOCUMENTATION_COMMENTS = YES;
				CLANG_WARN_EMPTY_BODY = YES;
				CLANG_WARN_ENUM_CONVERSION = YES;
				CLANG_WARN_INFINITE_RECURSION = YES;
				CLANG_WARN_INT_CONVERSION = YES;
				CLANG_WARN_NON_LITERAL_NULL_CONVERSION = YES;
				CLANG_WARN_OBJC_IMPLICIT_RETAIN_SELF = YES;
				CLANG_WARN_OBJC_LITERAL_CONVERSION = YES;
				CLANG_WARN_OBJC_ROOT_CLASS = YES_ERROR;
				CLANG_WARN_QUOTED_INCLUDE_IN_FRAMEWORK_HEADER = YES;
				CLANG_WARN_RANGE_LOOP_ANALYSIS = YES;
				CLANG_WARN_STRICT_PROTOTYPES = YES;
				CLANG_WARN_SUSPICIOUS_MOVE = YES;
				CLANG_WARN_UNGUARDED_AVAILABILITY = YES_AGGRESSIVE;
				CLANG_WARN_UNREACHABLE_CODE = YES;
				CLANG_WARN__DUPLICATE_METHOD_MATCH = YES;
				COPY_PHASE_STRIP = NO;
				DEBUG_INFORMATION_FORMAT = "dwarf-with-dsym";
				ENABLE_NS_ASSERTIONS = NO;
				ENABLE_STRICT_OBJC_MSGSEND = YES;
				GCC_C_LANGUAGE_STANDARD = gnu11;
				GCC_NO_COMMON_BLOCKS = YES;
				GCC_WARN_64_TO_32_BIT_CONVERSION = YES;
				GCC_WARN_ABOUT_RETURN_TYPE = YES_ERROR;
				GCC_WARN_UNDECLARED_SELECTOR = YES;
				GCC_WARN_UNINITIALIZED_AUTOS = YES_AGGRESSIVE;
				GCC_WARN_UNUSED_FUNCTION = YES;
				GCC_WARN_UNUSED_VARIABLE = YES;
				IPHONEOS_DEPLOYMENT_TARGET = 16.0;
				MTL_ENABLE_DEBUG_INFO = NO;
				MTL_FAST_MATH = YES;
				SDKROOT = iphoneos;
				SWIFT_COMPILATION_MODE = wholemodule;
				SWIFT_OPTIMIZATION_LEVEL = "-O";
				VALIDATE_PRODUCT = YES;
			};
			name = Release;
		};
		6CEF4A4A29F8EADB00D1089D /* Debug */ = {
			isa = XCBuildConfiguration;
			buildSettings = {
				ASSETCATALOG_COMPILER_APPICON_NAME = AppIcon;
				ASSETCATALOG_COMPILER_GLOBAL_ACCENT_COLOR_NAME = AccentColor;
				CODE_SIGN_STYLE = Automatic;
				CURRENT_PROJECT_VERSION = 1;
				DEVELOPMENT_TEAM = TLRL588DB6;
				GENERATE_INFOPLIST_FILE = YES;
				INFOPLIST_FILE = ChatMSG/Resource/Info.plist;
				INFOPLIST_KEY_UIApplicationSupportsIndirectInputEvents = YES;
				INFOPLIST_KEY_UILaunchStoryboardName = LaunchScreen;
				INFOPLIST_KEY_UISupportedInterfaceOrientations_iPad = "UIInterfaceOrientationPortrait UIInterfaceOrientationPortraitUpsideDown UIInterfaceOrientationLandscapeLeft UIInterfaceOrientationLandscapeRight";
				INFOPLIST_KEY_UISupportedInterfaceOrientations_iPhone = "UIInterfaceOrientationPortrait UIInterfaceOrientationLandscapeLeft UIInterfaceOrientationLandscapeRight";
				LD_RUNPATH_SEARCH_PATHS = (
					"$(inherited)",
					"@executable_path/Frameworks",
				);
				MARKETING_VERSION = 1.0;
				PRODUCT_BUNDLE_IDENTIFIER = com.julia.ChatMSG;
				PRODUCT_NAME = "$(TARGET_NAME)";
				SWIFT_EMIT_LOC_STRINGS = YES;
				SWIFT_VERSION = 5.0;
				TARGETED_DEVICE_FAMILY = "1,2";
			};
			name = Debug;
		};
		6CEF4A4B29F8EADB00D1089D /* Release */ = {
			isa = XCBuildConfiguration;
			buildSettings = {
				ASSETCATALOG_COMPILER_APPICON_NAME = AppIcon;
				ASSETCATALOG_COMPILER_GLOBAL_ACCENT_COLOR_NAME = AccentColor;
				CODE_SIGN_STYLE = Automatic;
				CURRENT_PROJECT_VERSION = 1;
				DEVELOPMENT_TEAM = TLRL588DB6;
				GENERATE_INFOPLIST_FILE = YES;
				INFOPLIST_FILE = ChatMSG/Resource/Info.plist;
				INFOPLIST_KEY_UIApplicationSupportsIndirectInputEvents = YES;
				INFOPLIST_KEY_UILaunchStoryboardName = LaunchScreen;
				INFOPLIST_KEY_UISupportedInterfaceOrientations_iPad = "UIInterfaceOrientationPortrait UIInterfaceOrientationPortraitUpsideDown UIInterfaceOrientationLandscapeLeft UIInterfaceOrientationLandscapeRight";
				INFOPLIST_KEY_UISupportedInterfaceOrientations_iPhone = "UIInterfaceOrientationPortrait UIInterfaceOrientationLandscapeLeft UIInterfaceOrientationLandscapeRight";
				LD_RUNPATH_SEARCH_PATHS = (
					"$(inherited)",
					"@executable_path/Frameworks",
				);
				MARKETING_VERSION = 1.0;
				PRODUCT_BUNDLE_IDENTIFIER = com.julia.ChatMSG;
				PRODUCT_NAME = "$(TARGET_NAME)";
				SWIFT_EMIT_LOC_STRINGS = YES;
				SWIFT_VERSION = 5.0;
				TARGETED_DEVICE_FAMILY = "1,2";
			};
			name = Release;
		};
/* End XCBuildConfiguration section */

/* Begin XCConfigurationList section */
		6CEF4A3029F8EAD900D1089D /* Build configuration list for PBXProject "ChatMSG" */ = {
			isa = XCConfigurationList;
			buildConfigurations = (
				6CEF4A4729F8EADB00D1089D /* Debug */,
				6CEF4A4829F8EADB00D1089D /* Release */,
			);
			defaultConfigurationIsVisible = 0;
			defaultConfigurationName = Release;
		};
		6CEF4A4929F8EADB00D1089D /* Build configuration list for PBXNativeTarget "ChatMSG" */ = {
			isa = XCConfigurationList;
			buildConfigurations = (
				6CEF4A4A29F8EADB00D1089D /* Debug */,
				6CEF4A4B29F8EADB00D1089D /* Release */,
			);
			defaultConfigurationIsVisible = 0;
			defaultConfigurationName = Release;
		};
/* End XCConfigurationList section */

/* Begin XCRemoteSwiftPackageReference section */
		6CEF4A4F29F8EC1900D1089D /* XCRemoteSwiftPackageReference "SnapKit" */ = {
			isa = XCRemoteSwiftPackageReference;
			repositoryURL = "https://github.com/SnapKit/SnapKit.git";
			requirement = {
				kind = upToNextMajorVersion;
				minimumVersion = 5.0.0;
			};
		};
		6CEF4A5229F8EC4A00D1089D /* XCRemoteSwiftPackageReference "Then" */ = {
			isa = XCRemoteSwiftPackageReference;
			repositoryURL = "https://github.com/devxoul/Then.git";
			requirement = {
				kind = upToNextMajorVersion;
				minimumVersion = 3.0.0;
			};
		};
		6CEF4A6229F9015400D1089D /* XCRemoteSwiftPackageReference "OpenAISwift" */ = {
			isa = XCRemoteSwiftPackageReference;
			repositoryURL = "https://github.com/adamrushy/OpenAISwift.git";
			requirement = {
				kind = upToNextMajorVersion;
				minimumVersion = 1.0.0;
			};
		};
/* End XCRemoteSwiftPackageReference section */

/* Begin XCSwiftPackageProductDependency section */
		6CEF4A5029F8EC1900D1089D /* SnapKit */ = {
			isa = XCSwiftPackageProductDependency;
			package = 6CEF4A4F29F8EC1900D1089D /* XCRemoteSwiftPackageReference "SnapKit" */;
			productName = SnapKit;
		};
		6CEF4A5329F8EC4A00D1089D /* Then */ = {
			isa = XCSwiftPackageProductDependency;
			package = 6CEF4A5229F8EC4A00D1089D /* XCRemoteSwiftPackageReference "Then" */;
			productName = Then;
		};
		6CEF4A6329F9015400D1089D /* OpenAISwift */ = {
			isa = XCSwiftPackageProductDependency;
			package = 6CEF4A6229F9015400D1089D /* XCRemoteSwiftPackageReference "OpenAISwift" */;
			productName = OpenAISwift;
		};
/* End XCSwiftPackageProductDependency section */
	};
	rootObject = 6CEF4A2D29F8EAD900D1089D /* Project object */;
}
